<?xml version="1.0" encoding="utf-8"?>
<Project ToolsVersion="4.0" xmlns="http://schemas.microsoft.com/developer/msbuild/2003">
  <ItemGroup>
    <Filter Include="ヘッダー ファイル">
      <UniqueIdentifier>{93995380-89BD-4b04-88EB-625FBE52EBFB}</UniqueIdentifier>
      <Extensions>h;hh;hpp;hxx;h++;hm;inl;inc;ipp;xsd</Extensions>
    </Filter>
    <Filter Include="リソース ファイル">
      <UniqueIdentifier>{67DA6AB6-F800-4c08-8B7A-83BB121AAD01}</UniqueIdentifier>
      <Extensions>rc;ico;cur;bmp;dlg;rc2;rct;bin;rgs;gif;jpg;jpeg;jpe;resx;tiff;tif;png;wav;mfcribbon-ms</Extensions>
    </Filter>
    <Filter Include="Program">
      <UniqueIdentifier>{4FC737F1-C7A5-4376-A066-2A32D752A2FF}</UniqueIdentifier>
      <Extensions>cpp;c;cc;cxx;c++;cppm;ixx;def;odl;idl;hpj;bat;asm;asmx</Extensions>
    </Filter>
    <Filter Include="Program\System">
      <UniqueIdentifier>{9597612e-876e-4f68-9936-af7652a4d6e4}</UniqueIdentifier>
    </Filter>
    <Filter Include="Program\Graphics">
      <UniqueIdentifier>{2a8c2277-2b64-4943-8891-bcb688219106}</UniqueIdentifier>
    </Filter>
    <Filter Include="Program\Graphics\View">
      <UniqueIdentifier>{df5d6487-615a-4c60-8996-1c09bb3ff75b}</UniqueIdentifier>
    </Filter>
  </ItemGroup>
  <ItemGroup>
    <ClCompile Include="program\Main.cpp">
      <Filter>Program</Filter>
    </ClCompile>
    <ClCompile Include="program\Engine\Engine.cpp">
      <Filter>Program</Filter>
    </ClCompile>
    <ClCompile Include="program\FrameWork\GameManager\GameManager.cpp">
      <Filter>Program</Filter>
    </ClCompile>
    <ClCompile Include="program\Graphics\View\View.cpp">
      <Filter>Program</Filter>
    </ClCompile>
    <ClCompile Include="program\System\Time\Time.cpp">
      <Filter>Program</Filter>
    </ClCompile>
    <ClCompile Include="program\Application\Player\action\ActionSelector.cpp">
      <Filter>Program</Filter>
    </ClCompile>
  </ItemGroup>
  <ItemGroup>
    <ClInclude Include="program\System\Utility\Singleton.hpp">
      <Filter>ヘッダー ファイル</Filter>
    </ClInclude>
    <ClInclude Include="program\Engine\Engine.hpp">
      <Filter>ヘッダー ファイル</Filter>
    </ClInclude>
    <ClInclude Include="program\FrameWork\GameManager\GameManager.hpp">
      <Filter>ヘッダー ファイル</Filter>
    </ClInclude>
    <ClInclude Include="program\System\Utility\Define.hpp">
      <Filter>ヘッダー ファイル</Filter>
    </ClInclude>
    <ClInclude Include="program\Graphics\View\View.hpp">
      <Filter>ヘッダー ファイル</Filter>
    </ClInclude>
    <ClInclude Include="program\System\Time\Time.hpp">
      <Filter>ヘッダー ファイル</Filter>
    </ClInclude>
    <ClInclude Include="program\Application\Player\action\ActionCommand.hpp">
      <Filter>ヘッダー ファイル</Filter>
    </ClInclude>
    <ClInclude Include="program\Application\Inventory\Item\base\Item.hpp">
      <Filter>ヘッダー ファイル</Filter>
    </ClInclude>
    <ClInclude Include="program\Application\Inventory\Item\Healing_Item\Item_Healing.hpp">
      <Filter>ヘッダー ファイル</Filter>
    </ClInclude>
    <ClInclude Include="program\System\Input\Key.hpp">
      <Filter>ヘッダー ファイル</Filter>
    </ClInclude>
  </ItemGroup>
</Project>