<?xml version="1.0" encoding="utf-8"?>
<Project ToolsVersion="4.0" xmlns="http://schemas.microsoft.com/developer/msbuild/2003">
  <ItemGroup>
    <Filter Include="Source">
      <UniqueIdentifier>{40989a09-bdfd-460f-8521-47560f204097}</UniqueIdentifier>
    </Filter>
    <Filter Include="Source\Framework">
      <UniqueIdentifier>{3d4481d4-15ca-403e-9902-2fe8e339dec9}</UniqueIdentifier>
    </Filter>
    <Filter Include="Assets">
      <UniqueIdentifier>{c9482a52-e94c-4bc2-8a73-64c6f81dc4f7}</UniqueIdentifier>
    </Filter>
  </ItemGroup>
  <ItemGroup>
    <ClCompile Include="project\framework\main.cpp">
      <Filter>Source</Filter>
    </ClCompile>
  </ItemGroup>
</Project>