<?xml version="1.0" encoding="utf-8"?>
<Project ToolsVersion="4.0" xmlns="http://schemas.microsoft.com/developer/msbuild/2003">
  <ItemGroup>
    <Filter Include="ヘッダー ファイル">
      <UniqueIdentifier>{93995380-89BD-4b04-88EB-625FBE52EBFB}</UniqueIdentifier>
      <Extensions>h;hh;hpp;hxx;h++;hm;inl;inc;ipp;xsd</Extensions>
    </Filter>
    <Filter Include="リソース ファイル">
      <UniqueIdentifier>{67DA6AB6-F800-4c08-8B7A-83BB121AAD01}</UniqueIdentifier>
      <Extensions>rc;ico;cur;bmp;dlg;rc2;rct;bin;rgs;gif;jpg;jpeg;jpe;resx;tiff;tif;png;wav;mfcribbon-ms</Extensions>
    </Filter>
    <Filter Include="Program">
      <UniqueIdentifier>{4FC737F1-C7A5-4376-A066-2A32D752A2FF}</UniqueIdentifier>
      <Extensions>cpp;c;cc;cxx;c++;cppm;ixx;def;odl;idl;hpj;bat;asm;asmx</Extensions>
    </Filter>
    <Filter Include="Program\System">
      <UniqueIdentifier>{9597612e-876e-4f68-9936-af7652a4d6e4}</UniqueIdentifier>
    </Filter>
    <Filter Include="Program\Graphics">
      <UniqueIdentifier>{2a8c2277-2b64-4943-8891-bcb688219106}</UniqueIdentifier>
    </Filter>
    <Filter Include="Program\Graphics\View">
      <UniqueIdentifier>{df5d6487-615a-4c60-8996-1c09bb3ff75b}</UniqueIdentifier>
    </Filter>
  </ItemGroup>
  <ItemGroup>
    <ClCompile Include="program\Main.cpp">
      <Filter>Program</Filter>
    </ClCompile>
    <ClCompile Include="program\Engine\Engine.cpp">
      <Filter>Program</Filter>
    </ClCompile>
    <ClCompile Include="program\FrameWork\GameManager\GameManager.cpp">
      <Filter>Program</Filter>
    </ClCompile>
    <ClCompile Include="program\Graphics\View\View.cpp">
      <Filter>Program</Filter>
    </ClCompile>
    <ClCompile Include="program\System\Time\Time.cpp">
      <Filter>Program</Filter>
    </ClCompile>
    <ClCompile Include="program\Application\Inventory\Inventory\InventoryManager.cpp">
      <Filter>Program</Filter>
    </ClCompile>
    <ClCompile Include="program\Application\Scene\TestScene.cpp">
      <Filter>Program</Filter>
    </ClCompile>
    <ClCompile Include="program\Scene\SceneManager.cpp">
      <Filter>Program</Filter>
    </ClCompile>
    <ClCompile Include="program\Scene\DefalutScene\DefalutScene.cpp">
      <Filter>Program</Filter>
    </ClCompile>
    <ClCompile Include="program\Application\Charactor\Player\Controller\PlayerController.cpp">
      <Filter>Program</Filter>
    </ClCompile>
    <ClCompile Include="program\Application\Charactor\Player\Player.cpp">
      <Filter>Program</Filter>
    </ClCompile>
    <ClCompile Include="program\Application\BattleSystem\action\ActionSelector.cpp">
      <Filter>Program</Filter>
    </ClCompile>
    <ClCompile Include="program\Application\Map\Map.cpp">
      <Filter>Program</Filter>
    </ClCompile>
    <ClCompile Include="program\System\Math\Point\Point.cpp">
      <Filter>Program</Filter>
    </ClCompile>
    <ClCompile Include="program\System\CSV\MapLoder.cpp">
      <Filter>Program</Filter>
    </ClCompile>
    <ClCompile Include="program\Application\BattleSystem\action\Executor\CommandExecutor.cpp">
      <Filter>Program</Filter>
    </ClCompile>
    <ClCompile Include="program\Application\BattleSystem\System\BattleSystem.cpp">
      <Filter>Program</Filter>
    </ClCompile>
    <ClCompile Include="program\Application\BattleSystem\Target\TargetAttack.cpp">
      <Filter>Program</Filter>
    </ClCompile>
    <ClCompile Include="program\Application\Charactor\base\CharactorBase.cpp">
      <Filter>Program</Filter>
    </ClCompile>
    <ClCompile Include="program\Application\Charactor\Factory\Factory.cpp">
      <Filter>Program</Filter>
    </ClCompile>
    <ClCompile Include="program\Application\Inventory\Item\Healing_Item\Item_Healing.cpp">
      <Filter>Program</Filter>
    </ClCompile>
    <ClCompile Include="program\Scene\GameClearScene\GameClear.cpp">
      <Filter>Program</Filter>
    </ClCompile>
    <ClCompile Include="program\Scene\GameOverScene\GameOver.cpp">
      <Filter>Program</Filter>
    </ClCompile>
    <ClCompile Include="program\Scene\InGameScene\InGame.cpp">
      <Filter>Program</Filter>
    </ClCompile>
    <ClCompile Include="program\Scene\TitleScene\Title.cpp">
      <Filter>Program</Filter>
    </ClCompile>
    <ClCompile Include="program\Application\BattleSystem\Magic\Magic.cpp">
      <Filter>Program</Filter>
    </ClCompile>
    <ClCompile Include="program\Application\BattleSystem\Magic\Manager\MagicManager.cpp">
      <Filter>Program</Filter>
    </ClCompile>
  </ItemGroup>
  <ItemGroup>
    <ClInclude Include="program\System\Utility\Singleton.hpp">
      <Filter>ヘッダー ファイル</Filter>
    </ClInclude>
    <ClInclude Include="program\Engine\Engine.hpp">
      <Filter>ヘッダー ファイル</Filter>
    </ClInclude>
    <ClInclude Include="program\FrameWork\GameManager\GameManager.hpp">
      <Filter>ヘッダー ファイル</Filter>
    </ClInclude>
    <ClInclude Include="program\System\Utility\Define.hpp">
      <Filter>ヘッダー ファイル</Filter>
    </ClInclude>
    <ClInclude Include="program\Graphics\View\View.hpp">
      <Filter>ヘッダー ファイル</Filter>
    </ClInclude>
    <ClInclude Include="program\System\Time\Time.hpp">
      <Filter>ヘッダー ファイル</Filter>
    </ClInclude>
    <ClInclude Include="program\Application\Inventory\Item\base\Item.hpp">
      <Filter>ヘッダー ファイル</Filter>
    </ClInclude>
    <ClInclude Include="program\Application\Inventory\Item\Healing_Item\Item_Healing.hpp">
      <Filter>ヘッダー ファイル</Filter>
    </ClInclude>
    <ClInclude Include="program\System\Input\Key.hpp">
      <Filter>ヘッダー ファイル</Filter>
    </ClInclude>
    <ClInclude Include="program\Application\Inventory\Inventory\InventoryManager.hpp">
      <Filter>ヘッダー ファイル</Filter>
    </ClInclude>
    <ClInclude Include="program\Application\Scene\TestScene.hpp">
      <Filter>ヘッダー ファイル</Filter>
    </ClInclude>
    <ClInclude Include="program\Scene\SceneManager.h">
      <Filter>ヘッダー ファイル</Filter>
    </ClInclude>
    <ClInclude Include="program\Scene\DefalutScene\DefalutScene.h">
      <Filter>ヘッダー ファイル</Filter>
    </ClInclude>
    <ClInclude Include="program\Scene\SceneBase.h">
      <Filter>ヘッダー ファイル</Filter>
    </ClInclude>
    <ClInclude Include="program\Application\Charactor\Player\Controller\PlayerController.hpp">
      <Filter>ヘッダー ファイル</Filter>
    </ClInclude>
    <ClInclude Include="program\Application\Charactor\Player\Player.hpp">
      <Filter>ヘッダー ファイル</Filter>
    </ClInclude>
    <ClInclude Include="program\Application\BattleSystem\action\Calc\BattleCalc.hpp">
      <Filter>ヘッダー ファイル</Filter>
    </ClInclude>
    <ClInclude Include="program\Application\Charactor\base\CharactorBase.hpp">
      <Filter>ヘッダー ファイル</Filter>
    </ClInclude>
    <ClInclude Include="program\Application\Charactor\status\CharaStatus.hpp">
      <Filter>ヘッダー ファイル</Filter>
    </ClInclude>
    <ClInclude Include="program\Application\BattleSystem\action\ActionCommand.hpp">
      <Filter>ヘッダー ファイル</Filter>
    </ClInclude>
    <ClInclude Include="program\Application\Map\Map.hpp">
      <Filter>ヘッダー ファイル</Filter>
    </ClInclude>
    <ClInclude Include="program\Application\Map\TileCode.hpp">
      <Filter>ヘッダー ファイル</Filter>
    </ClInclude>
    <ClInclude Include="program\System\Math\Point\Point.hpp">
      <Filter>ヘッダー ファイル</Filter>
    </ClInclude>
    <ClInclude Include="program\System\CSV\CSVLoader.h">
      <Filter>ヘッダー ファイル</Filter>
    </ClInclude>
    <ClInclude Include="program\System\CSV\MapLoder.h">
      <Filter>ヘッダー ファイル</Filter>
    </ClInclude>
    <ClInclude Include="program\Application\BattleSystem\action\Executor\CommandExecutor.hpp">
      <Filter>ヘッダー ファイル</Filter>
    </ClInclude>
    <ClInclude Include="program\Application\BattleSystem\Encount\EncountSystem.h">
      <Filter>ヘッダー ファイル</Filter>
    </ClInclude>
    <ClInclude Include="program\Application\BattleSystem\System\BattleSystem.hpp">
      <Filter>ヘッダー ファイル</Filter>
    </ClInclude>
    <ClInclude Include="program\Application\BattleSystem\Target\TargetAttack.h">
      <Filter>ヘッダー ファイル</Filter>
    </ClInclude>
    <ClInclude Include="program\Application\Charactor\Factory\Factory.h">
      <Filter>ヘッダー ファイル</Filter>
    </ClInclude>
    <ClInclude Include="program\Application\Inventory\Item\base\Item.h">
      <Filter>ヘッダー ファイル</Filter>
    </ClInclude>
    <ClInclude Include="program\Application\Inventory\Item\Healing_Item\Item_Healing.h">
      <Filter>ヘッダー ファイル</Filter>
    </ClInclude>
    <ClInclude Include="program\Application\State\enum\StateEnum.hpp">
      <Filter>ヘッダー ファイル</Filter>
    </ClInclude>
    <ClInclude Include="program\Scene\GameClearScene\GameClear.h">
      <Filter>ヘッダー ファイル</Filter>
    </ClInclude>
    <ClInclude Include="program\Scene\GameOverScene\GameOver.h">
      <Filter>ヘッダー ファイル</Filter>
    </ClInclude>
    <ClInclude Include="program\Scene\InGameScene\InGame.h">
      <Filter>ヘッダー ファイル</Filter>
    </ClInclude>
    <ClInclude Include="program\Scene\TitleScene\Title.h">
      <Filter>ヘッダー ファイル</Filter>
    </ClInclude>
    <ClInclude Include="program\System\Utility\Random.hpp">
      <Filter>ヘッダー ファイル</Filter>
    </ClInclude>
    <ClInclude Include="program\Application\BattleSystem\Magic\Magic.h">
      <Filter>ヘッダー ファイル</Filter>
    </ClInclude>
    <ClInclude Include="program\Application\BattleSystem\Magic\Manager\MagicManager.h">
      <Filter>ヘッダー ファイル</Filter>
    </ClInclude>
  </ItemGroup>
  <ItemGroup>
    <None Include="cpp.hint" />
  </ItemGroup>
</Project>